
Microsoft Visual Studio Solution File, Format Version 12.00
# Visual Studio Version 17
VisualStudioVersion = 17.5.002.0
MinimumVisualStudioVersion = 10.0.40219.1
Project("{9A19103F-16F7-4668-BE54-9A1E7A4F7556}") = "api", "api.csproj", "{7E3F1FB7-4BFF-4909-BAD3-940BFC25CE2E}"
EndProject
Global
	GlobalSection(SolutionConfigurationPlatforms) = preSolution
		Debug|Any CPU = Debug|Any CPU
		Release|Any CPU = Release|Any CPU
	EndGlobalSection
	GlobalSection(ProjectConfigurationPlatforms) = postSolution
		{7E3F1FB7-4BFF-4909-BAD3-940BFC25CE2E}.Debug|Any CPU.ActiveCfg = Debug|Any CPU
		{7E3F1FB7-4BFF-4909-BAD3-940BFC25CE2E}.Debug|Any CPU.Build.0 = Debug|Any CPU
		{7E3F1FB7-4BFF-4909-BAD3-940BFC25CE2E}.Release|Any CPU.ActiveCfg = Release|Any CPU
		{7E3F1FB7-4BFF-4909-BAD3-940BFC25CE2E}.Release|Any CPU.Build.0 = Release|Any CPU
	EndGlobalSection
	GlobalSection(SolutionProperties) = preSolution
		HideSolutionNode = FALSE
	EndGlobalSection
	GlobalSection(ExtensibilityGlobals) = postSolution
		SolutionGuid = {A6A132B9-ACF1-406A-BA89-5F47A2493D3C}
	EndGlobalSection
EndGlobal
